
Microsoft Visual Studio Solution File, Format Version 12.00
# Visual Studio Version 16
VisualStudioVersion = 16.0.31019.35
MinimumVisualStudioVersion = 10.0.40219.1
Project("{FAE04EC0-301F-11D3-BF4B-00C04F79EFBC}") = "Hospital-Web", "Hospital-Web\Hospital-Web.csproj", "{275436B3-FD7F-479B-95BA-1A5E9012003E}"
EndProject
Global
	GlobalSection(SolutionConfigurationPlatforms) = preSolution
		Debug|Any CPU = Debug|Any CPU
		Release|Any CPU = Release|Any CPU
	EndGlobalSection
	GlobalSection(ProjectConfigurationPlatforms) = postSolution
		{275436B3-FD7F-479B-95BA-1A5E9012003E}.Debug|Any CPU.ActiveCfg = Debug|Any CPU
		{275436B3-FD7F-479B-95BA-1A5E9012003E}.Debug|Any CPU.Build.0 = Debug|Any CPU
		{275436B3-FD7F-479B-95BA-1A5E9012003E}.Release|Any CPU.ActiveCfg = Release|Any CPU
		{275436B3-FD7F-479B-95BA-1A5E9012003E}.Release|Any CPU.Build.0 = Release|Any CPU
	EndGlobalSection
	GlobalSection(SolutionProperties) = preSolution
		HideSolutionNode = FALSE
	EndGlobalSection
	GlobalSection(ExtensibilityGlobals) = postSolution
		SolutionGuid = {3C1B7E79-B5CC-4F4D-A45F-8F9DAB0E8E45}
	EndGlobalSection
EndGlobal
